// !$*UTF8*$!
{
	archiveVersion = 1;
	classes = {
	};
	objectVersion = 39;
	objects = {
		080E96DDFE201D6D7F000001 = {
			children = (
				3D46A479085E187A0066EB49,
				3D46A47A085E187A0066EB49,
				3DBBD86D085F0D4D006C22E5,
			);
			isa = PBXGroup;
			name = Classes;
			refType = 4;
			sourceTree = "<group>";
		};
		089C165CFE840E0CC02AAC07 = {
			children = (
				089C165DFE840E0CC02AAC07,
			);
			isa = PBXVariantGroup;
			name = InfoPlist.strings;
			refType = 4;
			sourceTree = "<group>";
		};
		089C165DFE840E0CC02AAC07 = {
			fileEncoding = 10;
			isa = PBXFileReference;
			lastKnownFileType = text.plist.strings;
			name = English;
			path = English.lproj/InfoPlist.strings;
			refType = 4;
			sourceTree = "<group>";
		};
//080
//081
//082
//083
//084
//100
//101
//102
//103
//104
		1058C7A0FEA54F0111CA2CBB = {
			children = (
				1058C7A1FEA54F0111CA2CBB,
				3DB81097085F0E730033AA8C,
				3DB81098085F0E730033AA8C,
				3DB81A11085F6ED20033AA8C,
			);
			isa = PBXGroup;
			name = "Linked Frameworks";
			refType = 4;
			sourceTree = "<group>";
		};
		1058C7A1FEA54F0111CA2CBB = {
			isa = PBXFileReference;
			lastKnownFileType = wrapper.framework;
			name = Cocoa.framework;
			path = /System/Library/Frameworks/Cocoa.framework;
			refType = 0;
			sourceTree = "<absolute>";
		};
		1058C7A2FEA54F0111CA2CBB = {
			children = (
				29B97325FDCFA39411CA2CEA,
				29B97324FDCFA39411CA2CEA,
			);
			isa = PBXGroup;
			name = "Other Frameworks";
			refType = 4;
			sourceTree = "<group>";
		};
//100
//101
//102
//103
//104
//190
//191
//192
//193
//194
		19C28FACFE9D520D11CA2CBB = {
			children = (
				8D1107320486CEB800E47090,
			);
			isa = PBXGroup;
			name = Products;
			refType = 4;
			sourceTree = "<group>";
		};
//190
//191
//192
//193
//194
//290
//291
//292
//293
//294
		29B97313FDCFA39411CA2CEA = {
			buildSettings = {
			};
			buildStyles = (
				4A9504CCFFE6A4B311CA0CBA,
				4A9504CDFFE6A4B311CA0CBA,
			);
			hasScannedForEncodings = 1;
			isa = PBXProject;
			mainGroup = 29B97314FDCFA39411CA2CEA;
			projectDirPath = "";
			targets = (
				8D1107260486CEB800E47090,
			);
		};
		29B97314FDCFA39411CA2CEA = {
			children = (
				3D2E6E2E086239F6006E6091,
				080E96DDFE201D6D7F000001,
				29B97315FDCFA39411CA2CEA,
				29B97317FDCFA39411CA2CEA,
				29B97323FDCFA39411CA2CEA,
				19C28FACFE9D520D11CA2CBB,
			);
			isa = PBXGroup;
			name = TrackStorer;
			path = "";
			refType = 4;
			sourceTree = "<group>";
		};
		29B97315FDCFA39411CA2CEA = {
			children = (
				32CA4F630368D1EE00C91783,
				29B97316FDCFA39411CA2CEA,
			);
			isa = PBXGroup;
			name = "Other Sources";
			path = "";
			refType = 4;
			sourceTree = "<group>";
		};
		29B97316FDCFA39411CA2CEA = {
			fileEncoding = 4;
			isa = PBXFileReference;
			lastKnownFileType = sourcecode.c.objc;
			path = main.m;
			refType = 4;
			sourceTree = "<group>";
		};
		29B97317FDCFA39411CA2CEA = {
			children = (
				8D1107310486CEB800E47090,
				089C165CFE840E0CC02AAC07,
				3DB81A1F085F6F780033AA8C,
				29B97318FDCFA39411CA2CEA,
				3DB819E7085F6BF80033AA8C,
				3DB819E9085F6BF80033AA8C,
				3DB81417085F39010033AA8C,
				3D17BB0C08644BFF000DD11D,
				3DB81456085F3B310033AA8C,
				3D2E6D980862252F006E6091,
				3D2E6D9A0862252F006E6091,
				3D2E6D9C0862252F006E6091,
				3D07A7E9087C51B8008FCE3C,
				3D17BB4008645368000DD11D,
				3D17BB4208645368000DD11D,
				3D17BB4408645368000DD11D,
				3DB819D2085F6B1D0033AA8C,
				3DF147CD0868BC0400091010,
			);
			isa = PBXGroup;
			name = Resources;
			path = "";
			refType = 4;
			sourceTree = "<group>";
		};
		29B97318FDCFA39411CA2CEA = {
			children = (
				29B97319FDCFA39411CA2CEA,
			);
			isa = PBXVariantGroup;
			name = MainMenu.nib;
			path = "";
			refType = 4;
			sourceTree = "<group>";
		};
		29B97319FDCFA39411CA2CEA = {
			isa = PBXFileReference;
			lastKnownFileType = wrapper.nib;
			name = English;
			path = English.lproj/MainMenu.nib;
			refType = 4;
			sourceTree = "<group>";
		};
		29B97323FDCFA39411CA2CEA = {
			children = (
				1058C7A0FEA54F0111CA2CBB,
				1058C7A2FEA54F0111CA2CBB,
			);
			isa = PBXGroup;
			name = Frameworks;
			path = "";
			refType = 4;
			sourceTree = "<group>";
		};
		29B97324FDCFA39411CA2CEA = {
			isa = PBXFileReference;
			lastKnownFileType = wrapper.framework;
			name = AppKit.framework;
			path = /System/Library/Frameworks/AppKit.framework;
			refType = 0;
			sourceTree = "<absolute>";
		};
		29B97325FDCFA39411CA2CEA = {
			isa = PBXFileReference;
			lastKnownFileType = wrapper.framework;
			name = Foundation.framework;
			path = /System/Library/Frameworks/Foundation.framework;
			refType = 0;
			sourceTree = "<absolute>";
		};
//290
//291
//292
//293
//294
//320
//321
//322
//323
//324
		32CA4F630368D1EE00C91783 = {
			fileEncoding = 4;
			isa = PBXFileReference;
			lastKnownFileType = sourcecode.c.h;
			path = TrackStorer_Prefix.pch;
			refType = 4;
			sourceTree = "<group>";
		};
//320
//321
//322
//323
//324
//3D0
//3D1
//3D2
//3D3
//3D4
		3D07A7E9087C51B8008FCE3C = {
			children = (
				3D07A7EA087C51B8008FCE3C,
			);
			isa = PBXVariantGroup;
			name = itunes_podcasts.png;
			path = "";
			refType = 4;
			sourceTree = "<group>";
		};
		3D07A7EA087C51B8008FCE3C = {
			isa = PBXFileReference;
			lastKnownFileType = image.png;
			name = English;
			path = English.lproj/itunes_podcasts.png;
			refType = 4;
			sourceTree = "<group>";
		};
		3D07A7EB087C51B8008FCE3C = {
			fileRef = 3D07A7E9087C51B8008FCE3C;
			isa = PBXBuildFile;
			settings = {
			};
		};
		3D17BB0C08644BFF000DD11D = {
			children = (
				3D17BB0D08644BFF000DD11D,
			);
			isa = PBXVariantGroup;
			name = blue_gradient.jpg;
			path = "";
			refType = 4;
			sourceTree = "<group>";
		};
		3D17BB0D08644BFF000DD11D = {
			isa = PBXFileReference;
			lastKnownFileType = image.jpeg;
			name = English;
			path = English.lproj/blue_gradient.jpg;
			refType = 4;
			sourceTree = "<group>";
		};
		3D17BB0E08644BFF000DD11D = {
			fileRef = 3D17BB0C08644BFF000DD11D;
			isa = PBXBuildFile;
			settings = {
			};
		};
		3D17BB4008645368000DD11D = {
			children = (
				3D17BB4108645368000DD11D,
			);
			isa = PBXVariantGroup;
			name = sync_btn_disabled.png;
			path = "";
			refType = 4;
			sourceTree = "<group>";
		};
		3D17BB4108645368000DD11D = {
			isa = PBXFileReference;
			lastKnownFileType = image.png;
			name = English;
			path = English.lproj/sync_btn_disabled.png;
			refType = 4;
			sourceTree = "<group>";
		};
		3D17BB4208645368000DD11D = {
			children = (
				3D17BB4308645368000DD11D,
			);
			isa = PBXVariantGroup;
			name = sync_btn_enabled.png;
			path = "";
			refType = 4;
			sourceTree = "<group>";
		};
		3D17BB4308645368000DD11D = {
			isa = PBXFileReference;
			lastKnownFileType = image.png;
			name = English;
			path = English.lproj/sync_btn_enabled.png;
			refType = 4;
			sourceTree = "<group>";
		};
		3D17BB4408645368000DD11D = {
			children = (
				3D17BB4508645368000DD11D,
			);
			isa = PBXVariantGroup;
			name = sync_btn_pressed.png;
			path = "";
			refType = 4;
			sourceTree = "<group>";
		};
		3D17BB4508645368000DD11D = {
			isa = PBXFileReference;
			lastKnownFileType = image.png;
			name = English;
			path = English.lproj/sync_btn_pressed.png;
			refType = 4;
			sourceTree = "<group>";
		};
		3D17BB4608645368000DD11D = {
			fileRef = 3D17BB4008645368000DD11D;
			isa = PBXBuildFile;
			settings = {
			};
		};
		3D17BB4708645368000DD11D = {
			fileRef = 3D17BB4208645368000DD11D;
			isa = PBXBuildFile;
			settings = {
			};
		};
		3D17BB4808645368000DD11D = {
			fileRef = 3D17BB4408645368000DD11D;
			isa = PBXBuildFile;
			settings = {
			};
		};
		3D2E6D980862252F006E6091 = {
			children = (
				3D2E6D990862252F006E6091,
			);
			isa = PBXVariantGroup;
			name = itunes_library.png;
			path = "";
			refType = 4;
			sourceTree = "<group>";
		};
		3D2E6D990862252F006E6091 = {
			isa = PBXFileReference;
			lastKnownFileType = image.png;
			name = English;
			path = English.lproj/itunes_library.png;
			refType = 4;
			sourceTree = "<group>";
		};
		3D2E6D9A0862252F006E6091 = {
			children = (
				3D2E6D9B0862252F006E6091,
			);
			isa = PBXVariantGroup;
			name = itunes_simple_playlist.png;
			path = "";
			refType = 4;
			sourceTree = "<group>";
		};
		3D2E6D9B0862252F006E6091 = {
			isa = PBXFileReference;
			lastKnownFileType = image.png;
			name = English;
			path = English.lproj/itunes_simple_playlist.png;
			refType = 4;
			sourceTree = "<group>";
		};
		3D2E6D9C0862252F006E6091 = {
			children = (
				3D2E6D9D0862252F006E6091,
			);
			isa = PBXVariantGroup;
			name = itunes_smart_playlist.png;
			path = "";
			refType = 4;
			sourceTree = "<group>";
		};
		3D2E6D9D0862252F006E6091 = {
			isa = PBXFileReference;
			lastKnownFileType = image.png;
			name = English;
			path = English.lproj/itunes_smart_playlist.png;
			refType = 4;
			sourceTree = "<group>";
		};
		3D2E6D9E0862252F006E6091 = {
			fileRef = 3D2E6D980862252F006E6091;
			isa = PBXBuildFile;
			settings = {
			};
		};
		3D2E6D9F0862252F006E6091 = {
			fileRef = 3D2E6D9A0862252F006E6091;
			isa = PBXBuildFile;
			settings = {
			};
		};
		3D2E6DA00862252F006E6091 = {
			fileRef = 3D2E6D9C0862252F006E6091;
			isa = PBXBuildFile;
			settings = {
			};
		};
		3D2E6E2208623812006E6091 = {
			buildActionMask = 2147483647;
			files = (
				3D46A47B085E187A0066EB49,
				3DBBD869085F0D4C006C22E5,
				3DB81082085F0DD90033AA8C,
				3DB813FD085F34480033AA8C,
				3DB81405085F345D0033AA8C,
				3DB81988085F5E6A0033AA8C,
				3DB81989085F5E6A0033AA8C,
				3DB8198A085F5E6A0033AA8C,
				3DB8198B085F5E6A0033AA8C,
				3DB81990085F5E790033AA8C,
				3DB819DA085F6B760033AA8C,
				3DB819E3085F6BBD0033AA8C,
			);
			isa = PBXHeadersBuildPhase;
			runOnlyForDeploymentPostprocessing = 0;
		};
		3D2E6E2E086239F6006E6091 = {
			fileEncoding = 4;
			isa = PBXFileReference;
			lastKnownFileType = text;
			path = TODO.txt;
			refType = 4;
			sourceTree = "<group>";
		};
		3D46A479085E187A0066EB49 = {
			fileEncoding = 4;
			isa = PBXFileReference;
			lastKnownFileType = sourcecode.c.h;
			path = UKTrackStorerAppDelegate.h;
			refType = 4;
			sourceTree = "<group>";
		};
		3D46A47A085E187A0066EB49 = {
			fileEncoding = 4;
			isa = PBXFileReference;
			lastKnownFileType = sourcecode.c.objc;
			path = UKTrackStorerAppDelegate.m;
			refType = 4;
			sourceTree = "<group>";
		};
		3D46A47B085E187A0066EB49 = {
			fileRef = 3D46A479085E187A0066EB49;
			isa = PBXBuildFile;
			settings = {
			};
		};
		3D46A47C085E187A0066EB49 = {
			fileRef = 3D46A47A085E187A0066EB49;
			isa = PBXBuildFile;
			settings = {
			};
		};
		3DB8107F085F0DD90033AA8C = {
			fileEncoding = 30;
			isa = PBXFileReference;
			lastKnownFileType = sourcecode.c.objc;
			name = "NSString+CarbonUtilities.m";
			path = "../UliKit/NSString+CarbonUtilities.m";
			refType = 4;
			sourceTree = "<group>";
		};
		3DB81080085F0DD90033AA8C = {
			fileEncoding = 30;
			isa = PBXFileReference;
			lastKnownFileType = sourcecode.c.h;
			name = "NSString+CarbonUtilities.h";
			path = "../UliKit/NSString+CarbonUtilities.h";
			refType = 4;
			sourceTree = "<group>";
		};
		3DB81081085F0DD90033AA8C = {
			fileRef = 3DB8107F085F0DD90033AA8C;
			isa = PBXBuildFile;
			settings = {
			};
		};
		3DB81082085F0DD90033AA8C = {
			fileRef = 3DB81080085F0DD90033AA8C;
			isa = PBXBuildFile;
			settings = {
			};
		};
		3DB81097085F0E730033AA8C = {
			isa = PBXFileReference;
			lastKnownFileType = wrapper.framework;
			name = Carbon.framework;
			path = /System/Library/Frameworks/Carbon.framework;
			refType = 0;
			sourceTree = "<absolute>";
		};
		3DB81098085F0E730033AA8C = {
			isa = PBXFileReference;
			lastKnownFileType = wrapper.framework;
			name = IOKit.framework;
			path = /System/Library/Frameworks/IOKit.framework;
			refType = 0;
			sourceTree = "<absolute>";
		};
		3DB81099085F0E730033AA8C = {
			fileRef = 3DB81097085F0E730033AA8C;
			isa = PBXBuildFile;
			settings = {
			};
		};
		3DB8109A085F0E730033AA8C = {
			fileRef = 3DB81098085F0E730033AA8C;
			isa = PBXBuildFile;
			settings = {
			};
		};
		3DB813FA085F34480033AA8C = {
			fileEncoding = 30;
			isa = PBXFileReference;
			lastKnownFileType = sourcecode.c.objc;
			name = UKFilePathView.m;
			path = ../UliKit/UKFilePathView.m;
			refType = 4;
			sourceTree = "<group>";
		};
		3DB813FB085F34480033AA8C = {
			fileEncoding = 30;
			isa = PBXFileReference;
			lastKnownFileType = sourcecode.c.h;
			name = UKFilePathView.h;
			path = ../UliKit/UKFilePathView.h;
			refType = 4;
			sourceTree = "<group>";
		};
		3DB813FC085F34480033AA8C = {
			fileRef = 3DB813FA085F34480033AA8C;
			isa = PBXBuildFile;
			settings = {
			};
		};
		3DB813FD085F34480033AA8C = {
			fileRef = 3DB813FB085F34480033AA8C;
			isa = PBXBuildFile;
			settings = {
			};
		};
		3DB81403085F345D0033AA8C = {
			fileEncoding = 30;
			isa = PBXFileReference;
			lastKnownFileType = sourcecode.c.h;
			name = UKGraphics.h;
			path = ../UliKit/UKGraphics.h;
			refType = 4;
			sourceTree = "<group>";
		};
		3DB81404085F345D0033AA8C = {
			fileEncoding = 30;
			isa = PBXFileReference;
			lastKnownFileType = sourcecode.c.objc;
			name = UKGraphics.m;
			path = ../UliKit/UKGraphics.m;
			refType = 4;
			sourceTree = "<group>";
		};
		3DB81405085F345D0033AA8C = {
			fileRef = 3DB81403085F345D0033AA8C;
			isa = PBXBuildFile;
			settings = {
			};
		};
		3DB81406085F345D0033AA8C = {
			fileRef = 3DB81404085F345D0033AA8C;
			isa = PBXBuildFile;
			settings = {
			};
		};
		3DB81417085F39010033AA8C = {
			children = (
				3DB81418085F39010033AA8C,
			);
			isa = PBXVariantGroup;
			name = Players.plist;
			path = "";
			refType = 4;
			sourceTree = "<group>";
		};
		3DB81418085F39010033AA8C = {
			fileEncoding = 30;
			isa = PBXFileReference;
			lastKnownFileType = text.xml;
			name = English;
			path = English.lproj/Players.plist;
			refType = 4;
			sourceTree = "<group>";
		};
		3DB81419085F39010033AA8C = {
			fileRef = 3DB81417085F39010033AA8C;
			isa = PBXBuildFile;
			settings = {
			};
		};
		3DB81456085F3B310033AA8C = {
			children = (
				3DB81457085F3B310033AA8C,
			);
			isa = PBXVariantGroup;
			name = PathArrow.tiff;
			path = "";
			refType = 4;
			sourceTree = "<group>";
		};
		3DB81457085F3B310033AA8C = {
			isa = PBXFileReference;
			lastKnownFileType = image.tiff;
			name = English;
			path = /Volumes/Jumper/NewProgramming/SVN/UliKit/English.lproj/PathArrow.tiff;
			refType = 0;
			sourceTree = "<absolute>";
		};
		3DB81458085F3B310033AA8C = {
			fileRef = 3DB81456085F3B310033AA8C;
			isa = PBXBuildFile;
			settings = {
			};
		};
		3DB81983085F5E6A0033AA8C = {
			children = (
				3DB81984085F5E6A0033AA8C,
				3DB81985085F5E6A0033AA8C,
				3DB81986085F5E6A0033AA8C,
				3DB81987085F5E6A0033AA8C,
			);
			isa = PBXGroup;
			name = PrivateHeaders;
			path = ../UliKit/PrivateHeaders;
			refType = 4;
			sourceTree = "<group>";
		};
		3DB81984085F5E6A0033AA8C = {
			fileEncoding = 30;
			isa = PBXFileReference;
			lastKnownFileType = sourcecode.c.h;
			path = NSFrameView.h;
			refType = 4;
			sourceTree = "<group>";
		};
		3DB81985085F5E6A0033AA8C = {
			fileEncoding = 30;
			isa = PBXFileReference;
			lastKnownFileType = sourcecode.c.h;
			path = NSGrayFrame.h;
			refType = 4;
			sourceTree = "<group>";
		};
		3DB81986085F5E6A0033AA8C = {
			fileEncoding = 30;
			isa = PBXFileReference;
			lastKnownFileType = sourcecode.c.h;
			path = NSThemeFrame.h;
			refType = 4;
			sourceTree = "<group>";
		};
		3DB81987085F5E6A0033AA8C = {
			fileEncoding = 30;
			isa = PBXFileReference;
			lastKnownFileType = sourcecode.c.h;
			path = NSTitledFrame.h;
			refType = 4;
			sourceTree = "<group>";
		};
		3DB81988085F5E6A0033AA8C = {
			fileRef = 3DB81984085F5E6A0033AA8C;
			isa = PBXBuildFile;
			settings = {
			};
		};
		3DB81989085F5E6A0033AA8C = {
			fileRef = 3DB81985085F5E6A0033AA8C;
			isa = PBXBuildFile;
			settings = {
			};
		};
		3DB8198A085F5E6A0033AA8C = {
			fileRef = 3DB81986085F5E6A0033AA8C;
			isa = PBXBuildFile;
			settings = {
			};
		};
		3DB8198B085F5E6A0033AA8C = {
			fileRef = 3DB81987085F5E6A0033AA8C;
			isa = PBXBuildFile;
			settings = {
			};
		};
		3DB8198D085F5E790033AA8C = {
			fileEncoding = 30;
			isa = PBXFileReference;
			lastKnownFileType = sourcecode.c.objc;
			name = UKCustomWindowFrame.m;
			path = ../UliKit/UKCustomWindowFrame.m;
			refType = 4;
			sourceTree = "<group>";
		};
		3DB8198E085F5E790033AA8C = {
			fileEncoding = 30;
			isa = PBXFileReference;
			lastKnownFileType = sourcecode.c.h;
			name = UKCustomWindowFrame.h;
			path = ../UliKit/UKCustomWindowFrame.h;
			refType = 4;
			sourceTree = "<group>";
		};
		3DB8198F085F5E790033AA8C = {
			fileRef = 3DB8198D085F5E790033AA8C;
			isa = PBXBuildFile;
			settings = {
			};
		};
		3DB81990085F5E790033AA8C = {
			fileRef = 3DB8198E085F5E790033AA8C;
			isa = PBXBuildFile;
			settings = {
			};
		};
		3DB819D2085F6B1D0033AA8C = {
			fileEncoding = 30;
			isa = PBXFileReference;
			lastKnownFileType = text;
			path = MacPAD.url;
			refType = 4;
			sourceTree = "<group>";
		};
		3DB819D3085F6B1D0033AA8C = {
			fileRef = 3DB819D2085F6B1D0033AA8C;
			isa = PBXBuildFile;
			settings = {
			};
		};
		3DB819D8085F6B760033AA8C = {
			fileEncoding = 30;
			isa = PBXFileReference;
			lastKnownFileType = sourcecode.c.h;
			name = UKUpdateChecker.h;
			path = ../UliKit/UKUpdateChecker.h;
			refType = 4;
			sourceTree = "<group>";
		};
		3DB819D9085F6B760033AA8C = {
			fileEncoding = 30;
			isa = PBXFileReference;
			lastKnownFileType = sourcecode.c.objc;
			name = UKUpdateChecker.m;
			path = ../UliKit/UKUpdateChecker.m;
			refType = 4;
			sourceTree = "<group>";
		};
		3DB819DA085F6B760033AA8C = {
			fileRef = 3DB819D8085F6B760033AA8C;
			isa = PBXBuildFile;
			settings = {
			};
		};
		3DB819DB085F6B760033AA8C = {
			fileRef = 3DB819D9085F6B760033AA8C;
			isa = PBXBuildFile;
			settings = {
			};
		};
		3DB819E0085F6BBD0033AA8C = {
			fileEncoding = 30;
			isa = PBXFileReference;
			lastKnownFileType = sourcecode.c.objc;
			name = UKFeedbackProvider.m;
			path = ../UliKit/UKFeedbackProvider.m;
			refType = 4;
			sourceTree = "<group>";
		};
		3DB819E1085F6BBD0033AA8C = {
			fileEncoding = 30;
			isa = PBXFileReference;
			lastKnownFileType = sourcecode.c.h;
			name = UKFeedbackProvider.h;
			path = ../UliKit/UKFeedbackProvider.h;
			refType = 4;
			sourceTree = "<group>";
		};
		3DB819E2085F6BBD0033AA8C = {
			fileRef = 3DB819E0085F6BBD0033AA8C;
			isa = PBXBuildFile;
			settings = {
			};
		};
		3DB819E3085F6BBD0033AA8C = {
			fileRef = 3DB819E1085F6BBD0033AA8C;
			isa = PBXBuildFile;
			settings = {
			};
		};
		3DB819E7085F6BF80033AA8C = {
			children = (
				3DB819E8085F6BF80033AA8C,
			);
			isa = PBXVariantGroup;
			name = UKFeedbackProvider.nib;
			path = "";
			refType = 4;
			sourceTree = "<group>";
		};
		3DB819E8085F6BF80033AA8C = {
			isa = PBXFileReference;
			lastKnownFileType = wrapper.nib;
			name = English;
			path = /Volumes/Jumper/NewProgramming/SVN/UliKit/English.lproj/UKFeedbackProvider.nib;
			refType = 0;
			sourceTree = "<absolute>";
		};
		3DB819E9085F6BF80033AA8C = {
			children = (
				3DB819EA085F6BF80033AA8C,
			);
			isa = PBXVariantGroup;
			name = UKUpdateChecker.strings;
			path = "";
			refType = 4;
			sourceTree = "<group>";
		};
		3DB819EA085F6BF80033AA8C = {
			fileEncoding = 30;
			isa = PBXFileReference;
			lastKnownFileType = text.plist.strings;
			name = English;
			path = /Volumes/Jumper/NewProgramming/SVN/UliKit/English.lproj/UKUpdateChecker.strings;
			refType = 0;
			sourceTree = "<absolute>";
		};
		3DB819EB085F6BF80033AA8C = {
			fileRef = 3DB819E7085F6BF80033AA8C;
			isa = PBXBuildFile;
			settings = {
			};
		};
		3DB819EC085F6BF80033AA8C = {
			fileRef = 3DB819E9085F6BF80033AA8C;
			isa = PBXBuildFile;
			settings = {
			};
		};
		3DB81A11085F6ED20033AA8C = {
			isa = PBXFileReference;
			lastKnownFileType = wrapper.framework;
			name = Message.framework;
			path = /System/Library/Frameworks/Message.framework;
			refType = 0;
			sourceTree = "<absolute>";
		};
		3DB81A12085F6ED20033AA8C = {
			fileRef = 3DB81A11085F6ED20033AA8C;
			isa = PBXBuildFile;
			settings = {
			};
		};
		3DB81A1F085F6F780033AA8C = {
			children = (
				3DB81A20085F6F780033AA8C,
			);
			isa = PBXVariantGroup;
			name = Localizable.strings;
			path = "";
			refType = 4;
			sourceTree = "<group>";
		};
		3DB81A20085F6F780033AA8C = {
			fileEncoding = 30;
			isa = PBXFileReference;
			lastKnownFileType = text.plist.strings;
			name = English;
			path = English.lproj/Localizable.strings;
			refType = 4;
			sourceTree = "<group>";
		};
		3DB81A21085F6F780033AA8C = {
			fileRef = 3DB81A1F085F6F780033AA8C;
			isa = PBXBuildFile;
			settings = {
			};
		};
		3DBBD867085F0D4C006C22E5 = {
			fileEncoding = 30;
			isa = PBXFileReference;
			lastKnownFileType = sourcecode.c.h;
			name = "NSWorkspace+TypeOfVolumeAtPath.h";
			path = "../UliKit/NSWorkspace+TypeOfVolumeAtPath.h";
			refType = 4;
			sourceTree = "<group>";
		};
		3DBBD868085F0D4C006C22E5 = {
			fileEncoding = 30;
			isa = PBXFileReference;
			lastKnownFileType = sourcecode.c.objc;
			name = "NSWorkspace+TypeOfVolumeAtPath.m";
			path = "../UliKit/NSWorkspace+TypeOfVolumeAtPath.m";
			refType = 4;
			sourceTree = "<group>";
		};
		3DBBD869085F0D4C006C22E5 = {
			fileRef = 3DBBD867085F0D4C006C22E5;
			isa = PBXBuildFile;
			settings = {
			};
		};
		3DBBD86A085F0D4C006C22E5 = {
			fileRef = 3DBBD868085F0D4C006C22E5;
			isa = PBXBuildFile;
			settings = {
			};
		};
		3DBBD86D085F0D4D006C22E5 = {
			children = (
				3DBBD867085F0D4C006C22E5,
				3DBBD868085F0D4C006C22E5,
				3DB81080085F0DD90033AA8C,
				3DB8107F085F0DD90033AA8C,
				3DB813FB085F34480033AA8C,
				3DB813FA085F34480033AA8C,
				3DB81403085F345D0033AA8C,
				3DB81404085F345D0033AA8C,
				3DB8198E085F5E790033AA8C,
				3DB8198D085F5E790033AA8C,
				3DB81983085F5E6A0033AA8C,
				3DB819D8085F6B760033AA8C,
				3DB819D9085F6B760033AA8C,
				3DB819E1085F6BBD0033AA8C,
				3DB819E0085F6BBD0033AA8C,
			);
			isa = PBXGroup;
			name = UliKit;
			refType = 4;
			sourceTree = "<group>";
		};
		3DF147CD0868BC0400091010 = {
			isa = PBXFileReference;
			lastKnownFileType = image.icns;
			path = TrackStorerIcon.icns;
			refType = 4;
			sourceTree = "<group>";
		};
		3DF147CE0868BC0400091010 = {
			fileRef = 3DF147CD0868BC0400091010;
			isa = PBXBuildFile;
			settings = {
			};
		};
//3D0
//3D1
//3D2
//3D3
//3D4
//4A0
//4A1
//4A2
//4A3
//4A4
		4A9504CCFFE6A4B311CA0CBA = {
			buildSettings = {
				COPY_PHASE_STRIP = NO;
				GCC_DYNAMIC_NO_PIC = NO;
				GCC_ENABLE_FIX_AND_CONTINUE = YES;
				GCC_GENERATE_DEBUGGING_SYMBOLS = YES;
				GCC_OPTIMIZATION_LEVEL = 0;
				ZERO_LINK = YES;
			};
			isa = PBXBuildStyle;
			name = Development;
		};
		4A9504CDFFE6A4B311CA0CBA = {
			buildSettings = {
				COPY_PHASE_STRIP = YES;
				GCC_ENABLE_FIX_AND_CONTINUE = NO;
				ZERO_LINK = NO;
			};
			isa = PBXBuildStyle;
			name = Deployment;
		};
//4A0
//4A1
//4A2
//4A3
//4A4
//8D0
//8D1
//8D2
//8D3
//8D4
		8D1107260486CEB800E47090 = {
			buildPhases = (
				8D1107290486CEB800E47090,
				8D11072C0486CEB800E47090,
				8D11072E0486CEB800E47090,
				3D2E6E2208623812006E6091,
			);
			buildRules = (
			);
			buildSettings = {
				GCC_GENERATE_DEBUGGING_SYMBOLS = NO;
				GCC_PRECOMPILE_PREFIX_HEADER = YES;
				GCC_PREFIX_HEADER = TrackStorer_Prefix.pch;
				INFOPLIST_FILE = Info.plist;
				INSTALL_PATH = "$(HOME)/Applications";
				PRODUCT_NAME = TrackStorer;
				WRAPPER_EXTENSION = app;
			};
			dependencies = (
			);
			isa = PBXNativeTarget;
			name = TrackStorer;
			productInstallPath = "$(HOME)/Applications";
			productName = TrackStorer;
			productReference = 8D1107320486CEB800E47090;
			productType = "com.apple.product-type.application";
		};
		8D1107290486CEB800E47090 = {
			buildActionMask = 2147483647;
			files = (
				8D11072A0486CEB800E47090,
				8D11072B0486CEB800E47090,
				3DB81419085F39010033AA8C,
				3DB81458085F3B310033AA8C,
				3DB819D3085F6B1D0033AA8C,
				3DB819EB085F6BF80033AA8C,
				3DB819EC085F6BF80033AA8C,
				3DB81A21085F6F780033AA8C,
				3D2E6D9E0862252F006E6091,
				3D2E6D9F0862252F006E6091,
				3D2E6DA00862252F006E6091,
				3D17BB0E08644BFF000DD11D,
				3D17BB4608645368000DD11D,
				3D17BB4708645368000DD11D,
				3D17BB4808645368000DD11D,
				3DF147CE0868BC0400091010,
				3D07A7EB087C51B8008FCE3C,
			);
			isa = PBXResourcesBuildPhase;
			runOnlyForDeploymentPostprocessing = 0;
		};
		8D11072A0486CEB800E47090 = {
			fileRef = 29B97318FDCFA39411CA2CEA;
			isa = PBXBuildFile;
			settings = {
			};
		};
		8D11072B0486CEB800E47090 = {
			fileRef = 089C165CFE840E0CC02AAC07;
			isa = PBXBuildFile;
			settings = {
			};
		};
		8D11072C0486CEB800E47090 = {
			buildActionMask = 2147483647;
			files = (
				8D11072D0486CEB800E47090,
				3D46A47C085E187A0066EB49,
				3DBBD86A085F0D4C006C22E5,
				3DB81081085F0DD90033AA8C,
				3DB813FC085F34480033AA8C,
				3DB81406085F345D0033AA8C,
				3DB8198F085F5E790033AA8C,
				3DB819DB085F6B760033AA8C,
				3DB819E2085F6BBD0033AA8C,
			);
			isa = PBXSourcesBuildPhase;
			runOnlyForDeploymentPostprocessing = 0;
		};
		8D11072D0486CEB800E47090 = {
			fileRef = 29B97316FDCFA39411CA2CEA;
			isa = PBXBuildFile;
			settings = {
				ATTRIBUTES = (
				);
			};
		};
		8D11072E0486CEB800E47090 = {
			buildActionMask = 2147483647;
			files = (
				8D11072F0486CEB800E47090,
				3DB81099085F0E730033AA8C,
				3DB8109A085F0E730033AA8C,
				3DB81A12085F6ED20033AA8C,
			);
			isa = PBXFrameworksBuildPhase;
			runOnlyForDeploymentPostprocessing = 0;
		};
		8D11072F0486CEB800E47090 = {
			fileRef = 1058C7A1FEA54F0111CA2CBB;
			isa = PBXBuildFile;
			settings = {
			};
		};
		8D1107310486CEB800E47090 = {
			fileEncoding = 4;
			isa = PBXFileReference;
			lastKnownFileType = text.plist;
			path = Info.plist;
			refType = 4;
			sourceTree = "<group>";
		};
		8D1107320486CEB800E47090 = {
			explicitFileType = wrapper.application;
			includeInIndex = 0;
			isa = PBXFileReference;
			path = TrackStorer.app;
			refType = 3;
			sourceTree = BUILT_PRODUCTS_DIR;
		};
	};
	rootObject = 29B97313FDCFA39411CA2CEA;
}
